
Microsoft Visual Studio Solution File, Format Version 12.00
# Visual Studio Version 17
VisualStudioVersion = 17.11.35312.102
MinimumVisualStudioVersion = 10.0.40219.1
Project("{9A19103F-16F7-4668-BE54-9A1E7A4F7556}") = "Aufgabe01", "Aufgabe1\Aufgabe01.csproj", "{7E4EFA04-B78C-48E0-9EA7-2586B31D5C11}"
EndProject
Project("{9A19103F-16F7-4668-BE54-9A1E7A4F7556}") = "Aufgabe02", "Aufgabe2\Aufgabe02.csproj", "{F8435CBE-E1AF-488D-9C20-67E4531F5632}"
EndProject
Project("{9A19103F-16F7-4668-BE54-9A1E7A4F7556}") = "Aufgabe03", "Aufgabe3\Aufgabe03.csproj", "{DD613735-F831-4B6C-9EC8-B17102FC3729}"
EndProject
Project("{9A19103F-16F7-4668-BE54-9A1E7A4F7556}") = "Aufgabe04", "Aufgabe4\Aufgabe04.csproj", "{3304A929-F232-4EF5-9D7D-8043C37B160C}"
EndProject
Project("{9A19103F-16F7-4668-BE54-9A1E7A4F7556}") = "Aufgabe05", "Aufgabe5\Aufgabe05.csproj", "{45AF6C19-921A-47C9-A1FF-E33F4A481401}"
EndProject
Project("{9A19103F-16F7-4668-BE54-9A1E7A4F7556}") = "Aufgabe06", "Aufgabe6\Aufgabe06.csproj", "{B1FAAD7A-A339-4E1A-8BF8-76A41FFB61EB}"
EndProject
Project("{9A19103F-16F7-4668-BE54-9A1E7A4F7556}") = "Aufgabe07", "Aufgabe7\Aufgabe07.csproj", "{AFBF5A2F-0ED9-406D-927F-9BD01B4CF647}"
EndProject
Project("{9A19103F-16F7-4668-BE54-9A1E7A4F7556}") = "Aufgabe08", "Aufgabe8\Aufgabe08.csproj", "{95C3FC98-D91F-4CD7-81B9-9A5F6EDB1D85}"
EndProject
Project("{9A19103F-16F7-4668-BE54-9A1E7A4F7556}") = "Aufgabe09", "Aufgabe9\Aufgabe09.csproj", "{748C41B8-C5CF-406E-9394-0AEE5D8DCCE1}"
EndProject
Project("{9A19103F-16F7-4668-BE54-9A1E7A4F7556}") = "Praktikumsaufgabe", "Praktikumsaufgabe\Praktikumsaufgabe.csproj", "{C1FC58CD-65B9-42DA-BBE3-A29F2D41CAC3}"
EndProject
Project("{9A19103F-16F7-4668-BE54-9A1E7A4F7556}") = "Aufgabe10", "Aufgabe10\Aufgabe10.csproj", "{CF4BDE72-D459-4E69-960E-AFE6C16C6971}"
EndProject
Project("{9A19103F-16F7-4668-BE54-9A1E7A4F7556}") = "Aufgabe11", "Aufgabe11\Aufgabe11.csproj", "{6A9B5F7F-9643-45CD-A42B-5EEDA150DA4F}"
EndProject
Project("{9A19103F-16F7-4668-BE54-9A1E7A4F7556}") = "Aufgabe12", "Aufgabe12\Aufgabe12.csproj", "{67A6DE61-6F98-4622-9618-B4D9C569353F}"
EndProject
Project("{9A19103F-16F7-4668-BE54-9A1E7A4F7556}") = "Aufgabe13", "Aufgabe13\Aufgabe13.csproj", "{B693F6B8-95A3-4721-9A8E-7E5E2C689E49}"
EndProject
Project("{9A19103F-16F7-4668-BE54-9A1E7A4F7556}") = "Aufgabe14", "Aufgabe14\Aufgabe14.csproj", "{CBE594F4-4D4C-40CF-A264-B5BF85813A4D}"
EndProject
Project("{9A19103F-16F7-4668-BE54-9A1E7A4F7556}") = "Aufgabe15", "Aufgabe15\Aufgabe15.csproj", "{ADBE7A73-1C85-43A7-A2BD-935B64BDBA1B}"
EndProject
Project("{9A19103F-16F7-4668-BE54-9A1E7A4F7556}") = "Aufgabe16", "Aufgabe16\Aufgabe16.csproj", "{6B97AAC2-83AB-46CF-B316-FBCF9B136B1F}"
EndProject
Project("{9A19103F-16F7-4668-BE54-9A1E7A4F7556}") = "Aufgabe17", "Aufgabe17\Aufgabe17.csproj", "{E2C1696E-479B-4973-9B3C-C8D697E47399}"
EndProject
Project("{9A19103F-16F7-4668-BE54-9A1E7A4F7556}") = "Aufgabe18", "Aufgabe18\Aufgabe18.csproj", "{FEDA9167-2047-412C-A669-A9459981B829}"
EndProject
Project("{9A19103F-16F7-4668-BE54-9A1E7A4F7556}") = "Praktikumsaufgabe2", "Praktikumsaufgabe2\Praktikumsaufgabe2.csproj", "{8CCE9615-A7F8-47CB-B17B-62EC860C35C3}"
EndProject
Project("{9A19103F-16F7-4668-BE54-9A1E7A4F7556}") = "Aufgabe19", "Aufgabe19\Aufgabe19.csproj", "{E3ED13B1-6862-4A71-A438-5F04CE22ECF3}"
EndProject
Project("{9A19103F-16F7-4668-BE54-9A1E7A4F7556}") = "Aufgabe20", "Aufgabe20\Aufgabe20.csproj", "{8725F87C-87B9-4773-9E73-25382126379A}"
EndProject
Project("{9A19103F-16F7-4668-BE54-9A1E7A4F7556}") = "Aufgabe21", "Aufgabe21\Aufgabe21.csproj", "{EA20D9F0-9191-42C8-8236-CB7CCC2F6FBD}"
EndProject
Project("{9A19103F-16F7-4668-BE54-9A1E7A4F7556}") = "Aufgabe22", "Aufgabe22\Aufgabe22.csproj", "{24B8BB72-0EC5-44D4-8CB7-3907228B44DE}"
EndProject
Project("{9A19103F-16F7-4668-BE54-9A1E7A4F7556}") = "Aufgabe23", "Aufgabe23\Aufgabe23.csproj", "{2E49BE8E-9687-4954-B605-FB8410177750}"
EndProject
Project("{9A19103F-16F7-4668-BE54-9A1E7A4F7556}") = "Aufgabe24", "Aufgabe24\Aufgabe24.csproj", "{69134AB1-4734-485B-8774-B56615AD74B5}"
EndProject
Project("{9A19103F-16F7-4668-BE54-9A1E7A4F7556}") = "Aufgabe25", "Aufgabe25\Aufgabe25.csproj", "{8DD858BC-DA54-477B-8F75-37D0451B8623}"
EndProject
Project("{9A19103F-16F7-4668-BE54-9A1E7A4F7556}") = "Aufgabe26", "Aufgabe26\Aufgabe26.csproj", "{85FCEDBF-BE62-41A6-8D61-2B86F8AE7084}"
EndProject
Project("{9A19103F-16F7-4668-BE54-9A1E7A4F7556}") = "Demo2", "Demo2\Demo2.csproj", "{8C860A36-A7F8-4205-A9B4-34246F65B06D}"
EndProject
Project("{9A19103F-16F7-4668-BE54-9A1E7A4F7556}") = "Aufgabe27", "Aufgabe27\Aufgabe27.csproj", "{010992A0-1764-4ABE-8E30-9AD3BD0FAC42}"
EndProject
Project("{9A19103F-16F7-4668-BE54-9A1E7A4F7556}") = "Praktikumsaufgabe3", "Praktikumsaufgabe3\Praktikumsaufgabe3.csproj", "{F07F8637-765D-4C49-B477-7835774171F6}"
EndProject
Project("{9A19103F-16F7-4668-BE54-9A1E7A4F7556}") = "Aufgabe28", "Aufgabe28\Aufgabe28.csproj", "{6311777C-D39F-424D-B7BA-7A20CEA61B60}"
EndProject
Project("{9A19103F-16F7-4668-BE54-9A1E7A4F7556}") = "Aufgabe29", "Aufgabe29\Aufgabe29.csproj", "{FC488285-6D4E-4907-BA2D-F1C3DAC7ADB2}"
EndProject
Project("{9A19103F-16F7-4668-BE54-9A1E7A4F7556}") = "Aufgabe30", "Aufgabe30\Aufgabe30.csproj", "{D7B93AB6-C9C7-4B8F-B531-1B5D4F38FF3C}"
EndProject
Project("{9A19103F-16F7-4668-BE54-9A1E7A4F7556}") = "Aufgabe31", "Aufgabe31\Aufgabe31.csproj", "{41182BD1-A176-4F6A-BA6F-CEBBD6698388}"
EndProject
Project("{9A19103F-16F7-4668-BE54-9A1E7A4F7556}") = "Aufgabe32", "Aufgabe32\Aufgabe32.csproj", "{127B4540-4A1B-46AA-B07D-4CE04966783C}"
EndProject
Project("{9A19103F-16F7-4668-BE54-9A1E7A4F7556}") = "Praktikumsaufgabe4", "Praktikumsaufgabe4\Praktikumsaufgabe4.csproj", "{4491DD52-85AD-45C6-B159-91E2B36770AD}"
EndProject
Project("{FAE04EC0-301F-11D3-BF4B-00C04F79EFBC}") = "Aufgabe33", "Aufgabe33\Aufgabe33.csproj", "{9C19E893-86F2-4657-8FFD-9EC18A4A5430}"
EndProject
Project("{FAE04EC0-301F-11D3-BF4B-00C04F79EFBC}") = "Aufgabe34", "Aufgabe34\Aufgabe34.csproj", "{93389E97-59AB-439B-9BCE-98DAA0DC7780}"
EndProject
Project("{FAE04EC0-301F-11D3-BF4B-00C04F79EFBC}") = "Aufgabe35", "Aufgabe35\Aufgabe35.csproj", "{B229F722-62D0-4BB5-9217-4D7061F87F85}"
EndProject
Project("{FAE04EC0-301F-11D3-BF4B-00C04F79EFBC}") = "Aufgabe36", "Aufgabe36\Aufgabe36.csproj", "{56C51EDB-141C-4030-9C4D-33AE9FBB9F97}"
EndProject
Project("{FAE04EC0-301F-11D3-BF4B-00C04F79EFBC}") = "Aufgabe37", "Aufgabe37\Aufgabe37.csproj", "{7A5EE8E1-7773-4C10-B530-620C36234F80}"
EndProject
Project("{FAE04EC0-301F-11D3-BF4B-00C04F79EFBC}") = "Aufgabe38", "Aufgabe38\Aufgabe38.csproj", "{E60EC584-1E3F-4B94-A4DC-0F3A81662CBE}"
EndProject
Project("{FAE04EC0-301F-11D3-BF4B-00C04F79EFBC}") = "Aufgabe39", "Aufgabe39\Aufgabe39.csproj", "{95987D8E-D2E3-4F4B-985B-BE967F0DABA8}"
EndProject
Project("{FAE04EC0-301F-11D3-BF4B-00C04F79EFBC}") = "Aufgabe40", "Aufgabe40\Aufgabe40.csproj", "{06F8FF9B-D679-4BB5-AC91-B88FC124599F}"
EndProject
Project("{FAE04EC0-301F-11D3-BF4B-00C04F79EFBC}") = "Aufgabe41", "Aufgabe41\Aufgabe41.csproj", "{CCEE614E-8650-4330-AE7F-A9EA156A14CF}"
EndProject
Project("{FAE04EC0-301F-11D3-BF4B-00C04F79EFBC}") = "Aufgabe42", "Aufgabe42\Aufgabe42.csproj", "{2DB4BF73-A195-4E73-B385-8DF9CCEF1100}"
EndProject
Global
	GlobalSection(SolutionConfigurationPlatforms) = preSolution
		Debug|Any CPU = Debug|Any CPU
		Release|Any CPU = Release|Any CPU
	EndGlobalSection
	GlobalSection(ProjectConfigurationPlatforms) = postSolution
		{7E4EFA04-B78C-48E0-9EA7-2586B31D5C11}.Debug|Any CPU.ActiveCfg = Debug|Any CPU
		{7E4EFA04-B78C-48E0-9EA7-2586B31D5C11}.Debug|Any CPU.Build.0 = Debug|Any CPU
		{7E4EFA04-B78C-48E0-9EA7-2586B31D5C11}.Release|Any CPU.ActiveCfg = Release|Any CPU
		{7E4EFA04-B78C-48E0-9EA7-2586B31D5C11}.Release|Any CPU.Build.0 = Release|Any CPU
		{F8435CBE-E1AF-488D-9C20-67E4531F5632}.Debug|Any CPU.ActiveCfg = Debug|Any CPU
		{F8435CBE-E1AF-488D-9C20-67E4531F5632}.Debug|Any CPU.Build.0 = Debug|Any CPU
		{F8435CBE-E1AF-488D-9C20-67E4531F5632}.Release|Any CPU.ActiveCfg = Release|Any CPU
		{F8435CBE-E1AF-488D-9C20-67E4531F5632}.Release|Any CPU.Build.0 = Release|Any CPU
		{DD613735-F831-4B6C-9EC8-B17102FC3729}.Debug|Any CPU.ActiveCfg = Debug|Any CPU
		{DD613735-F831-4B6C-9EC8-B17102FC3729}.Debug|Any CPU.Build.0 = Debug|Any CPU
		{DD613735-F831-4B6C-9EC8-B17102FC3729}.Release|Any CPU.ActiveCfg = Release|Any CPU
		{DD613735-F831-4B6C-9EC8-B17102FC3729}.Release|Any CPU.Build.0 = Release|Any CPU
		{3304A929-F232-4EF5-9D7D-8043C37B160C}.Debug|Any CPU.ActiveCfg = Debug|Any CPU
		{3304A929-F232-4EF5-9D7D-8043C37B160C}.Debug|Any CPU.Build.0 = Debug|Any CPU
		{3304A929-F232-4EF5-9D7D-8043C37B160C}.Release|Any CPU.ActiveCfg = Release|Any CPU
		{3304A929-F232-4EF5-9D7D-8043C37B160C}.Release|Any CPU.Build.0 = Release|Any CPU
		{45AF6C19-921A-47C9-A1FF-E33F4A481401}.Debug|Any CPU.ActiveCfg = Debug|Any CPU
		{45AF6C19-921A-47C9-A1FF-E33F4A481401}.Debug|Any CPU.Build.0 = Debug|Any CPU
		{45AF6C19-921A-47C9-A1FF-E33F4A481401}.Release|Any CPU.ActiveCfg = Release|Any CPU
		{45AF6C19-921A-47C9-A1FF-E33F4A481401}.Release|Any CPU.Build.0 = Release|Any CPU
		{B1FAAD7A-A339-4E1A-8BF8-76A41FFB61EB}.Debug|Any CPU.ActiveCfg = Debug|Any CPU
		{B1FAAD7A-A339-4E1A-8BF8-76A41FFB61EB}.Debug|Any CPU.Build.0 = Debug|Any CPU
		{B1FAAD7A-A339-4E1A-8BF8-76A41FFB61EB}.Release|Any CPU.ActiveCfg = Release|Any CPU
		{B1FAAD7A-A339-4E1A-8BF8-76A41FFB61EB}.Release|Any CPU.Build.0 = Release|Any CPU
		{AFBF5A2F-0ED9-406D-927F-9BD01B4CF647}.Debug|Any CPU.ActiveCfg = Debug|Any CPU
		{AFBF5A2F-0ED9-406D-927F-9BD01B4CF647}.Debug|Any CPU.Build.0 = Debug|Any CPU
		{AFBF5A2F-0ED9-406D-927F-9BD01B4CF647}.Release|Any CPU.ActiveCfg = Release|Any CPU
		{AFBF5A2F-0ED9-406D-927F-9BD01B4CF647}.Release|Any CPU.Build.0 = Release|Any CPU
		{95C3FC98-D91F-4CD7-81B9-9A5F6EDB1D85}.Debug|Any CPU.ActiveCfg = Debug|Any CPU
		{95C3FC98-D91F-4CD7-81B9-9A5F6EDB1D85}.Debug|Any CPU.Build.0 = Debug|Any CPU
		{95C3FC98-D91F-4CD7-81B9-9A5F6EDB1D85}.Release|Any CPU.ActiveCfg = Release|Any CPU
		{95C3FC98-D91F-4CD7-81B9-9A5F6EDB1D85}.Release|Any CPU.Build.0 = Release|Any CPU
		{748C41B8-C5CF-406E-9394-0AEE5D8DCCE1}.Debug|Any CPU.ActiveCfg = Debug|Any CPU
		{748C41B8-C5CF-406E-9394-0AEE5D8DCCE1}.Debug|Any CPU.Build.0 = Debug|Any CPU
		{748C41B8-C5CF-406E-9394-0AEE5D8DCCE1}.Release|Any CPU.ActiveCfg = Release|Any CPU
		{748C41B8-C5CF-406E-9394-0AEE5D8DCCE1}.Release|Any CPU.Build.0 = Release|Any CPU
		{C1FC58CD-65B9-42DA-BBE3-A29F2D41CAC3}.Debug|Any CPU.ActiveCfg = Debug|Any CPU
		{C1FC58CD-65B9-42DA-BBE3-A29F2D41CAC3}.Debug|Any CPU.Build.0 = Debug|Any CPU
		{C1FC58CD-65B9-42DA-BBE3-A29F2D41CAC3}.Release|Any CPU.ActiveCfg = Release|Any CPU
		{C1FC58CD-65B9-42DA-BBE3-A29F2D41CAC3}.Release|Any CPU.Build.0 = Release|Any CPU
		{CF4BDE72-D459-4E69-960E-AFE6C16C6971}.Debug|Any CPU.ActiveCfg = Debug|Any CPU
		{CF4BDE72-D459-4E69-960E-AFE6C16C6971}.Debug|Any CPU.Build.0 = Debug|Any CPU
		{CF4BDE72-D459-4E69-960E-AFE6C16C6971}.Release|Any CPU.ActiveCfg = Release|Any CPU
		{CF4BDE72-D459-4E69-960E-AFE6C16C6971}.Release|Any CPU.Build.0 = Release|Any CPU
		{6A9B5F7F-9643-45CD-A42B-5EEDA150DA4F}.Debug|Any CPU.ActiveCfg = Debug|Any CPU
		{6A9B5F7F-9643-45CD-A42B-5EEDA150DA4F}.Debug|Any CPU.Build.0 = Debug|Any CPU
		{6A9B5F7F-9643-45CD-A42B-5EEDA150DA4F}.Release|Any CPU.ActiveCfg = Release|Any CPU
		{6A9B5F7F-9643-45CD-A42B-5EEDA150DA4F}.Release|Any CPU.Build.0 = Release|Any CPU
		{67A6DE61-6F98-4622-9618-B4D9C569353F}.Debug|Any CPU.ActiveCfg = Debug|Any CPU
		{67A6DE61-6F98-4622-9618-B4D9C569353F}.Debug|Any CPU.Build.0 = Debug|Any CPU
		{67A6DE61-6F98-4622-9618-B4D9C569353F}.Release|Any CPU.ActiveCfg = Release|Any CPU
		{67A6DE61-6F98-4622-9618-B4D9C569353F}.Release|Any CPU.Build.0 = Release|Any CPU
		{B693F6B8-95A3-4721-9A8E-7E5E2C689E49}.Debug|Any CPU.ActiveCfg = Debug|Any CPU
		{B693F6B8-95A3-4721-9A8E-7E5E2C689E49}.Debug|Any CPU.Build.0 = Debug|Any CPU
		{B693F6B8-95A3-4721-9A8E-7E5E2C689E49}.Release|Any CPU.ActiveCfg = Release|Any CPU
		{B693F6B8-95A3-4721-9A8E-7E5E2C689E49}.Release|Any CPU.Build.0 = Release|Any CPU
		{CBE594F4-4D4C-40CF-A264-B5BF85813A4D}.Debug|Any CPU.ActiveCfg = Debug|Any CPU
		{CBE594F4-4D4C-40CF-A264-B5BF85813A4D}.Debug|Any CPU.Build.0 = Debug|Any CPU
		{CBE594F4-4D4C-40CF-A264-B5BF85813A4D}.Release|Any CPU.ActiveCfg = Release|Any CPU
		{CBE594F4-4D4C-40CF-A264-B5BF85813A4D}.Release|Any CPU.Build.0 = Release|Any CPU
		{ADBE7A73-1C85-43A7-A2BD-935B64BDBA1B}.Debug|Any CPU.ActiveCfg = Debug|Any CPU
		{ADBE7A73-1C85-43A7-A2BD-935B64BDBA1B}.Debug|Any CPU.Build.0 = Debug|Any CPU
		{ADBE7A73-1C85-43A7-A2BD-935B64BDBA1B}.Release|Any CPU.ActiveCfg = Release|Any CPU
		{ADBE7A73-1C85-43A7-A2BD-935B64BDBA1B}.Release|Any CPU.Build.0 = Release|Any CPU
		{6B97AAC2-83AB-46CF-B316-FBCF9B136B1F}.Debug|Any CPU.ActiveCfg = Debug|Any CPU
		{6B97AAC2-83AB-46CF-B316-FBCF9B136B1F}.Debug|Any CPU.Build.0 = Debug|Any CPU
		{6B97AAC2-83AB-46CF-B316-FBCF9B136B1F}.Release|Any CPU.ActiveCfg = Release|Any CPU
		{6B97AAC2-83AB-46CF-B316-FBCF9B136B1F}.Release|Any CPU.Build.0 = Release|Any CPU
		{E2C1696E-479B-4973-9B3C-C8D697E47399}.Debug|Any CPU.ActiveCfg = Debug|Any CPU
		{E2C1696E-479B-4973-9B3C-C8D697E47399}.Debug|Any CPU.Build.0 = Debug|Any CPU
		{E2C1696E-479B-4973-9B3C-C8D697E47399}.Release|Any CPU.ActiveCfg = Release|Any CPU
		{E2C1696E-479B-4973-9B3C-C8D697E47399}.Release|Any CPU.Build.0 = Release|Any CPU
		{FEDA9167-2047-412C-A669-A9459981B829}.Debug|Any CPU.ActiveCfg = Debug|Any CPU
		{FEDA9167-2047-412C-A669-A9459981B829}.Debug|Any CPU.Build.0 = Debug|Any CPU
		{FEDA9167-2047-412C-A669-A9459981B829}.Release|Any CPU.ActiveCfg = Release|Any CPU
		{FEDA9167-2047-412C-A669-A9459981B829}.Release|Any CPU.Build.0 = Release|Any CPU
		{8CCE9615-A7F8-47CB-B17B-62EC860C35C3}.Debug|Any CPU.ActiveCfg = Debug|Any CPU
		{8CCE9615-A7F8-47CB-B17B-62EC860C35C3}.Debug|Any CPU.Build.0 = Debug|Any CPU
		{8CCE9615-A7F8-47CB-B17B-62EC860C35C3}.Release|Any CPU.ActiveCfg = Release|Any CPU
		{8CCE9615-A7F8-47CB-B17B-62EC860C35C3}.Release|Any CPU.Build.0 = Release|Any CPU
		{E3ED13B1-6862-4A71-A438-5F04CE22ECF3}.Debug|Any CPU.ActiveCfg = Debug|Any CPU
		{E3ED13B1-6862-4A71-A438-5F04CE22ECF3}.Debug|Any CPU.Build.0 = Debug|Any CPU
		{E3ED13B1-6862-4A71-A438-5F04CE22ECF3}.Release|Any CPU.ActiveCfg = Release|Any CPU
		{E3ED13B1-6862-4A71-A438-5F04CE22ECF3}.Release|Any CPU.Build.0 = Release|Any CPU
		{8725F87C-87B9-4773-9E73-25382126379A}.Debug|Any CPU.ActiveCfg = Debug|Any CPU
		{8725F87C-87B9-4773-9E73-25382126379A}.Debug|Any CPU.Build.0 = Debug|Any CPU
		{8725F87C-87B9-4773-9E73-25382126379A}.Release|Any CPU.ActiveCfg = Release|Any CPU
		{8725F87C-87B9-4773-9E73-25382126379A}.Release|Any CPU.Build.0 = Release|Any CPU
		{EA20D9F0-9191-42C8-8236-CB7CCC2F6FBD}.Debug|Any CPU.ActiveCfg = Debug|Any CPU
		{EA20D9F0-9191-42C8-8236-CB7CCC2F6FBD}.Debug|Any CPU.Build.0 = Debug|Any CPU
		{EA20D9F0-9191-42C8-8236-CB7CCC2F6FBD}.Release|Any CPU.ActiveCfg = Release|Any CPU
		{EA20D9F0-9191-42C8-8236-CB7CCC2F6FBD}.Release|Any CPU.Build.0 = Release|Any CPU
		{24B8BB72-0EC5-44D4-8CB7-3907228B44DE}.Debug|Any CPU.ActiveCfg = Debug|Any CPU
		{24B8BB72-0EC5-44D4-8CB7-3907228B44DE}.Debug|Any CPU.Build.0 = Debug|Any CPU
		{24B8BB72-0EC5-44D4-8CB7-3907228B44DE}.Release|Any CPU.ActiveCfg = Release|Any CPU
		{24B8BB72-0EC5-44D4-8CB7-3907228B44DE}.Release|Any CPU.Build.0 = Release|Any CPU
		{2E49BE8E-9687-4954-B605-FB8410177750}.Debug|Any CPU.ActiveCfg = Debug|Any CPU
		{2E49BE8E-9687-4954-B605-FB8410177750}.Debug|Any CPU.Build.0 = Debug|Any CPU
		{2E49BE8E-9687-4954-B605-FB8410177750}.Release|Any CPU.ActiveCfg = Release|Any CPU
		{2E49BE8E-9687-4954-B605-FB8410177750}.Release|Any CPU.Build.0 = Release|Any CPU
		{69134AB1-4734-485B-8774-B56615AD74B5}.Debug|Any CPU.ActiveCfg = Debug|Any CPU
		{69134AB1-4734-485B-8774-B56615AD74B5}.Debug|Any CPU.Build.0 = Debug|Any CPU
		{69134AB1-4734-485B-8774-B56615AD74B5}.Release|Any CPU.ActiveCfg = Release|Any CPU
		{69134AB1-4734-485B-8774-B56615AD74B5}.Release|Any CPU.Build.0 = Release|Any CPU
		{8DD858BC-DA54-477B-8F75-37D0451B8623}.Debug|Any CPU.ActiveCfg = Debug|Any CPU
		{8DD858BC-DA54-477B-8F75-37D0451B8623}.Debug|Any CPU.Build.0 = Debug|Any CPU
		{8DD858BC-DA54-477B-8F75-37D0451B8623}.Release|Any CPU.ActiveCfg = Release|Any CPU
		{8DD858BC-DA54-477B-8F75-37D0451B8623}.Release|Any CPU.Build.0 = Release|Any CPU
		{85FCEDBF-BE62-41A6-8D61-2B86F8AE7084}.Debug|Any CPU.ActiveCfg = Debug|Any CPU
		{85FCEDBF-BE62-41A6-8D61-2B86F8AE7084}.Debug|Any CPU.Build.0 = Debug|Any CPU
		{85FCEDBF-BE62-41A6-8D61-2B86F8AE7084}.Release|Any CPU.ActiveCfg = Release|Any CPU
		{85FCEDBF-BE62-41A6-8D61-2B86F8AE7084}.Release|Any CPU.Build.0 = Release|Any CPU
		{8C860A36-A7F8-4205-A9B4-34246F65B06D}.Debug|Any CPU.ActiveCfg = Debug|Any CPU
		{8C860A36-A7F8-4205-A9B4-34246F65B06D}.Debug|Any CPU.Build.0 = Debug|Any CPU
		{8C860A36-A7F8-4205-A9B4-34246F65B06D}.Release|Any CPU.ActiveCfg = Release|Any CPU
		{8C860A36-A7F8-4205-A9B4-34246F65B06D}.Release|Any CPU.Build.0 = Release|Any CPU
		{010992A0-1764-4ABE-8E30-9AD3BD0FAC42}.Debug|Any CPU.ActiveCfg = Debug|Any CPU
		{010992A0-1764-4ABE-8E30-9AD3BD0FAC42}.Debug|Any CPU.Build.0 = Debug|Any CPU
		{010992A0-1764-4ABE-8E30-9AD3BD0FAC42}.Release|Any CPU.ActiveCfg = Release|Any CPU
		{010992A0-1764-4ABE-8E30-9AD3BD0FAC42}.Release|Any CPU.Build.0 = Release|Any CPU
		{F07F8637-765D-4C49-B477-7835774171F6}.Debug|Any CPU.ActiveCfg = Debug|Any CPU
		{F07F8637-765D-4C49-B477-7835774171F6}.Debug|Any CPU.Build.0 = Debug|Any CPU
		{F07F8637-765D-4C49-B477-7835774171F6}.Release|Any CPU.ActiveCfg = Release|Any CPU
		{F07F8637-765D-4C49-B477-7835774171F6}.Release|Any CPU.Build.0 = Release|Any CPU
		{6311777C-D39F-424D-B7BA-7A20CEA61B60}.Debug|Any CPU.ActiveCfg = Debug|Any CPU
		{6311777C-D39F-424D-B7BA-7A20CEA61B60}.Debug|Any CPU.Build.0 = Debug|Any CPU
		{6311777C-D39F-424D-B7BA-7A20CEA61B60}.Release|Any CPU.ActiveCfg = Release|Any CPU
		{6311777C-D39F-424D-B7BA-7A20CEA61B60}.Release|Any CPU.Build.0 = Release|Any CPU
		{FC488285-6D4E-4907-BA2D-F1C3DAC7ADB2}.Debug|Any CPU.ActiveCfg = Debug|Any CPU
		{FC488285-6D4E-4907-BA2D-F1C3DAC7ADB2}.Debug|Any CPU.Build.0 = Debug|Any CPU
		{FC488285-6D4E-4907-BA2D-F1C3DAC7ADB2}.Release|Any CPU.ActiveCfg = Release|Any CPU
		{FC488285-6D4E-4907-BA2D-F1C3DAC7ADB2}.Release|Any CPU.Build.0 = Release|Any CPU
		{D7B93AB6-C9C7-4B8F-B531-1B5D4F38FF3C}.Debug|Any CPU.ActiveCfg = Debug|Any CPU
		{D7B93AB6-C9C7-4B8F-B531-1B5D4F38FF3C}.Debug|Any CPU.Build.0 = Debug|Any CPU
		{D7B93AB6-C9C7-4B8F-B531-1B5D4F38FF3C}.Release|Any CPU.ActiveCfg = Release|Any CPU
		{D7B93AB6-C9C7-4B8F-B531-1B5D4F38FF3C}.Release|Any CPU.Build.0 = Release|Any CPU
		{41182BD1-A176-4F6A-BA6F-CEBBD6698388}.Debug|Any CPU.ActiveCfg = Debug|Any CPU
		{41182BD1-A176-4F6A-BA6F-CEBBD6698388}.Debug|Any CPU.Build.0 = Debug|Any CPU
		{41182BD1-A176-4F6A-BA6F-CEBBD6698388}.Release|Any CPU.ActiveCfg = Release|Any CPU
		{41182BD1-A176-4F6A-BA6F-CEBBD6698388}.Release|Any CPU.Build.0 = Release|Any CPU
		{127B4540-4A1B-46AA-B07D-4CE04966783C}.Debug|Any CPU.ActiveCfg = Debug|Any CPU
		{127B4540-4A1B-46AA-B07D-4CE04966783C}.Debug|Any CPU.Build.0 = Debug|Any CPU
		{127B4540-4A1B-46AA-B07D-4CE04966783C}.Release|Any CPU.ActiveCfg = Release|Any CPU
		{127B4540-4A1B-46AA-B07D-4CE04966783C}.Release|Any CPU.Build.0 = Release|Any CPU
		{4491DD52-85AD-45C6-B159-91E2B36770AD}.Debug|Any CPU.ActiveCfg = Debug|Any CPU
		{4491DD52-85AD-45C6-B159-91E2B36770AD}.Debug|Any CPU.Build.0 = Debug|Any CPU
		{4491DD52-85AD-45C6-B159-91E2B36770AD}.Release|Any CPU.ActiveCfg = Release|Any CPU
		{4491DD52-85AD-45C6-B159-91E2B36770AD}.Release|Any CPU.Build.0 = Release|Any CPU
		{9C19E893-86F2-4657-8FFD-9EC18A4A5430}.Debug|Any CPU.ActiveCfg = Debug|Any CPU
		{9C19E893-86F2-4657-8FFD-9EC18A4A5430}.Debug|Any CPU.Build.0 = Debug|Any CPU
		{9C19E893-86F2-4657-8FFD-9EC18A4A5430}.Release|Any CPU.ActiveCfg = Release|Any CPU
		{9C19E893-86F2-4657-8FFD-9EC18A4A5430}.Release|Any CPU.Build.0 = Release|Any CPU
		{93389E97-59AB-439B-9BCE-98DAA0DC7780}.Debug|Any CPU.ActiveCfg = Debug|Any CPU
		{93389E97-59AB-439B-9BCE-98DAA0DC7780}.Debug|Any CPU.Build.0 = Debug|Any CPU
		{93389E97-59AB-439B-9BCE-98DAA0DC7780}.Release|Any CPU.ActiveCfg = Release|Any CPU
		{93389E97-59AB-439B-9BCE-98DAA0DC7780}.Release|Any CPU.Build.0 = Release|Any CPU
		{B229F722-62D0-4BB5-9217-4D7061F87F85}.Debug|Any CPU.ActiveCfg = Debug|Any CPU
		{B229F722-62D0-4BB5-9217-4D7061F87F85}.Debug|Any CPU.Build.0 = Debug|Any CPU
		{B229F722-62D0-4BB5-9217-4D7061F87F85}.Release|Any CPU.ActiveCfg = Release|Any CPU
		{B229F722-62D0-4BB5-9217-4D7061F87F85}.Release|Any CPU.Build.0 = Release|Any CPU
		{56C51EDB-141C-4030-9C4D-33AE9FBB9F97}.Debug|Any CPU.ActiveCfg = Debug|Any CPU
		{56C51EDB-141C-4030-9C4D-33AE9FBB9F97}.Debug|Any CPU.Build.0 = Debug|Any CPU
		{56C51EDB-141C-4030-9C4D-33AE9FBB9F97}.Release|Any CPU.ActiveCfg = Release|Any CPU
		{56C51EDB-141C-4030-9C4D-33AE9FBB9F97}.Release|Any CPU.Build.0 = Release|Any CPU
		{7A5EE8E1-7773-4C10-B530-620C36234F80}.Debug|Any CPU.ActiveCfg = Debug|Any CPU
		{7A5EE8E1-7773-4C10-B530-620C36234F80}.Debug|Any CPU.Build.0 = Debug|Any CPU
		{7A5EE8E1-7773-4C10-B530-620C36234F80}.Release|Any CPU.ActiveCfg = Release|Any CPU
		{7A5EE8E1-7773-4C10-B530-620C36234F80}.Release|Any CPU.Build.0 = Release|Any CPU
		{E60EC584-1E3F-4B94-A4DC-0F3A81662CBE}.Debug|Any CPU.ActiveCfg = Debug|Any CPU
		{E60EC584-1E3F-4B94-A4DC-0F3A81662CBE}.Debug|Any CPU.Build.0 = Debug|Any CPU
		{E60EC584-1E3F-4B94-A4DC-0F3A81662CBE}.Release|Any CPU.ActiveCfg = Release|Any CPU
		{E60EC584-1E3F-4B94-A4DC-0F3A81662CBE}.Release|Any CPU.Build.0 = Release|Any CPU
		{95987D8E-D2E3-4F4B-985B-BE967F0DABA8}.Debug|Any CPU.ActiveCfg = Debug|Any CPU
		{95987D8E-D2E3-4F4B-985B-BE967F0DABA8}.Debug|Any CPU.Build.0 = Debug|Any CPU
		{95987D8E-D2E3-4F4B-985B-BE967F0DABA8}.Release|Any CPU.ActiveCfg = Release|Any CPU
		{95987D8E-D2E3-4F4B-985B-BE967F0DABA8}.Release|Any CPU.Build.0 = Release|Any CPU
		{06F8FF9B-D679-4BB5-AC91-B88FC124599F}.Debug|Any CPU.ActiveCfg = Debug|Any CPU
		{06F8FF9B-D679-4BB5-AC91-B88FC124599F}.Debug|Any CPU.Build.0 = Debug|Any CPU
		{06F8FF9B-D679-4BB5-AC91-B88FC124599F}.Release|Any CPU.ActiveCfg = Release|Any CPU
		{06F8FF9B-D679-4BB5-AC91-B88FC124599F}.Release|Any CPU.Build.0 = Release|Any CPU
		{CCEE614E-8650-4330-AE7F-A9EA156A14CF}.Debug|Any CPU.ActiveCfg = Debug|Any CPU
		{CCEE614E-8650-4330-AE7F-A9EA156A14CF}.Debug|Any CPU.Build.0 = Debug|Any CPU
		{CCEE614E-8650-4330-AE7F-A9EA156A14CF}.Release|Any CPU.ActiveCfg = Release|Any CPU
		{CCEE614E-8650-4330-AE7F-A9EA156A14CF}.Release|Any CPU.Build.0 = Release|Any CPU
		{2DB4BF73-A195-4E73-B385-8DF9CCEF1100}.Debug|Any CPU.ActiveCfg = Debug|Any CPU
		{2DB4BF73-A195-4E73-B385-8DF9CCEF1100}.Debug|Any CPU.Build.0 = Debug|Any CPU
		{2DB4BF73-A195-4E73-B385-8DF9CCEF1100}.Release|Any CPU.ActiveCfg = Release|Any CPU
		{2DB4BF73-A195-4E73-B385-8DF9CCEF1100}.Release|Any CPU.Build.0 = Release|Any CPU
	EndGlobalSection
	GlobalSection(SolutionProperties) = preSolution
		HideSolutionNode = FALSE
	EndGlobalSection
	GlobalSection(ExtensibilityGlobals) = postSolution
		SolutionGuid = {FDC5B651-9EB6-4914-B0FE-208B98AD8FBE}
	EndGlobalSection
EndGlobal
