
Microsoft Visual Studio Solution File, Format Version 12.00
# Visual Studio Version 17
VisualStudioVersion = 17.12.35527.113 d17.12
MinimumVisualStudioVersion = 10.0.40219.1
Project("{FAE04EC0-301F-11D3-BF4B-00C04F79EFBC}") = "Aufgabe1", "ConsoleApp1\Aufgabe1.csproj", "{1E851D19-333A-4835-9801-B0C1FB2AC0E1}"
EndProject
Project("{FAE04EC0-301F-11D3-BF4B-00C04F79EFBC}") = "Aufgabe2", "Aufgabe2\Aufgabe2.csproj", "{9D54C8E7-BE35-4BCB-960A-1C8A55D68CF6}"
EndProject
Project("{FAE04EC0-301F-11D3-BF4B-00C04F79EFBC}") = "Aufgabe3", "Aufgabe3\Aufgabe3.csproj", "{E8775406-4659-4A96-AD9B-12A677F34ACD}"
EndProject
Project("{FAE04EC0-301F-11D3-BF4B-00C04F79EFBC}") = "Aufgabe4", "Aufgabe4\Aufgabe4.csproj", "{E9972186-053A-4721-A606-18883CA210F8}"
EndProject
Global
	GlobalSection(SolutionConfigurationPlatforms) = preSolution
		Debug|Any CPU = Debug|Any CPU
		Release|Any CPU = Release|Any CPU
	EndGlobalSection
	GlobalSection(ProjectConfigurationPlatforms) = postSolution
		{1E851D19-333A-4835-9801-B0C1FB2AC0E1}.Debug|Any CPU.ActiveCfg = Debug|Any CPU
		{1E851D19-333A-4835-9801-B0C1FB2AC0E1}.Debug|Any CPU.Build.0 = Debug|Any CPU
		{1E851D19-333A-4835-9801-B0C1FB2AC0E1}.Release|Any CPU.ActiveCfg = Release|Any CPU
		{1E851D19-333A-4835-9801-B0C1FB2AC0E1}.Release|Any CPU.Build.0 = Release|Any CPU
		{9D54C8E7-BE35-4BCB-960A-1C8A55D68CF6}.Debug|Any CPU.ActiveCfg = Debug|Any CPU
		{9D54C8E7-BE35-4BCB-960A-1C8A55D68CF6}.Debug|Any CPU.Build.0 = Debug|Any CPU
		{9D54C8E7-BE35-4BCB-960A-1C8A55D68CF6}.Release|Any CPU.ActiveCfg = Release|Any CPU
		{9D54C8E7-BE35-4BCB-960A-1C8A55D68CF6}.Release|Any CPU.Build.0 = Release|Any CPU
		{E8775406-4659-4A96-AD9B-12A677F34ACD}.Debug|Any CPU.ActiveCfg = Debug|Any CPU
		{E8775406-4659-4A96-AD9B-12A677F34ACD}.Debug|Any CPU.Build.0 = Debug|Any CPU
		{E8775406-4659-4A96-AD9B-12A677F34ACD}.Release|Any CPU.ActiveCfg = Release|Any CPU
		{E8775406-4659-4A96-AD9B-12A677F34ACD}.Release|Any CPU.Build.0 = Release|Any CPU
		{E9972186-053A-4721-A606-18883CA210F8}.Debug|Any CPU.ActiveCfg = Debug|Any CPU
		{E9972186-053A-4721-A606-18883CA210F8}.Debug|Any CPU.Build.0 = Debug|Any CPU
		{E9972186-053A-4721-A606-18883CA210F8}.Release|Any CPU.ActiveCfg = Release|Any CPU
		{E9972186-053A-4721-A606-18883CA210F8}.Release|Any CPU.Build.0 = Release|Any CPU
	EndGlobalSection
	GlobalSection(SolutionProperties) = preSolution
		HideSolutionNode = FALSE
	EndGlobalSection
EndGlobal
