
Microsoft Visual Studio Solution File, Format Version 12.00
# Visual Studio Version 17
VisualStudioVersion = 17.10.35122.118
MinimumVisualStudioVersion = 10.0.40219.1
Project("{9A19103F-16F7-4668-BE54-9A1E7A4F7556}") = "09.10.2024_Übung", "09.10.2024 Übung\09.10.2024_Übung.csproj", "{F45F4783-7084-4BE5-AA7B-129B312C9423}"
EndProject
Project("{9A19103F-16F7-4668-BE54-9A1E7A4F7556}") = "Aufgabe_01.1", "Aufgabe 1\Aufgabe_01.1.csproj", "{6E1DCB33-DF3F-4A87-A1BD-2F1DD2D3F3F8}"
EndProject
Project("{9A19103F-16F7-4668-BE54-9A1E7A4F7556}") = "Aufgabe_01.2", "Aufgabe_1.1\Aufgabe_01.2.csproj", "{1B185F40-63EB-4561-BA60-C6649D7AEBA8}"
EndProject
Project("{9A19103F-16F7-4668-BE54-9A1E7A4F7556}") = "Aufgabe_01.3", "Aufgabe_1.3\Aufgabe_01.3.csproj", "{92383167-BBDC-4949-9CCA-2E932CDA6992}"
EndProject
Project("{9A19103F-16F7-4668-BE54-9A1E7A4F7556}") = "Aufgabe_02.1", "Aufgabe_2.1\Aufgabe_02.1.csproj", "{37B1CF8F-D9E4-449A-B9EB-2438F4F8C203}"
EndProject
Project("{9A19103F-16F7-4668-BE54-9A1E7A4F7556}") = "Aufgabe_02.2", "Aufgabe_2.2\Aufgabe_02.2.csproj", "{C4E25A8B-800B-4D6F-90A6-A946A627A28A}"
EndProject
Project("{9A19103F-16F7-4668-BE54-9A1E7A4F7556}") = "Aufgabe_02.3", "Aufgabe_2.3\Aufgabe_02.3.csproj", "{7A3EC1C7-8165-4788-832E-ED2C547FB770}"
EndProject
Project("{9A19103F-16F7-4668-BE54-9A1E7A4F7556}") = "Aufgabe_02.4", "Aufgabe_2.4\Aufgabe_02.4.csproj", "{62BCD223-2D3A-4AE1-B461-75B80534DA53}"
EndProject
Project("{9A19103F-16F7-4668-BE54-9A1E7A4F7556}") = "Aufgabe_02.5", "Aufgabe_2.5\Aufgabe_02.5.csproj", "{83C5DF5F-CDDF-4D93-9575-3E53A0C10181}"
EndProject
Project("{9A19103F-16F7-4668-BE54-9A1E7A4F7556}") = "Aufgabe_03.1", "Aufgabe_3.1\Aufgabe_03.1.csproj", "{A21A8304-A060-4E3E-8A40-D44022D15DAD}"
EndProject
Project("{9A19103F-16F7-4668-BE54-9A1E7A4F7556}") = "Aufgabe_03.2", "Aufgabe_3.2\Aufgabe_03.2.csproj", "{06F642DE-3B34-4AD6-8125-B0765515CCB6}"
EndProject
Project("{9A19103F-16F7-4668-BE54-9A1E7A4F7556}") = "Aufgabe_03.3", "Aufgabe_3.3\Aufgabe_03.3.csproj", "{AB7A2291-1496-46C2-BE24-B20B026AAC3E}"
EndProject
Project("{9A19103F-16F7-4668-BE54-9A1E7A4F7556}") = "Aufgabe_03.4", "Aufgabe_3.4\Aufgabe_03.4.csproj", "{72BFF579-7580-4650-8D72-2E872902B650}"
EndProject
Project("{9A19103F-16F7-4668-BE54-9A1E7A4F7556}") = "Aufgabe_07.1", "Aufgabe_7.1\Aufgabe_07.1.csproj", "{44259692-E9A7-436A-9D7B-E28EEDD02203}"
EndProject
Project("{9A19103F-16F7-4668-BE54-9A1E7A4F7556}") = "Aufgabe_07.2", "Aufgabe_7.2\Aufgabe_07.2.csproj", "{A7513519-4766-4EE0-8306-57472AE46DEC}"
EndProject
Project("{9A19103F-16F7-4668-BE54-9A1E7A4F7556}") = "Aufgabe_07.3", "Aufgabe_7.3\Aufgabe_07.3.csproj", "{7A5CB136-6553-464E-BC65-4747F7C40A57}"
EndProject
Project("{9A19103F-16F7-4668-BE54-9A1E7A4F7556}") = "Aufgabe_07.4", "Aufgabe_7.4\Aufgabe_07.4.csproj", "{6AA85E65-AFC9-4A91-982B-A8393D6C6A4B}"
EndProject
Project("{9A19103F-16F7-4668-BE54-9A1E7A4F7556}") = "Demo", "Demo\Demo.csproj", "{382CBEAD-81E7-422B-868E-D7D1D842AED2}"
EndProject
Project("{9A19103F-16F7-4668-BE54-9A1E7A4F7556}") = "Aufgabe_05.1", "Aufgabe_5.1\Aufgabe_05.1.csproj", "{249C627F-D436-4E39-9178-7166AA70150A}"
EndProject
Project("{9A19103F-16F7-4668-BE54-9A1E7A4F7556}") = "Aufgabe_07.5", "Aufgabe_7.5\Aufgabe_07.5.csproj", "{529B04EC-E03B-4FC8-ABB6-0BE67C3653E6}"
EndProject
Project("{9A19103F-16F7-4668-BE54-9A1E7A4F7556}") = "Aufgabe_06.1", "Aufgabe_6.1\Aufgabe_06.1.csproj", "{0AE3580A-4053-4C26-BA5C-24774B796BC6}"
EndProject
Project("{9A19103F-16F7-4668-BE54-9A1E7A4F7556}") = "Aufgabe_08.1", "Aufgabe_8.1\Aufgabe_08.1.csproj", "{EEED23D9-73D0-4FC6-9567-4AF71AEBEED7}"
EndProject
Project("{9A19103F-16F7-4668-BE54-9A1E7A4F7556}") = "Aufgabe_08.2", "Aufgabe_8.2\Aufgabe_08.2.csproj", "{8A62B614-6A6C-4A68-9460-DBA780D465C4}"
EndProject
Project("{9A19103F-16F7-4668-BE54-9A1E7A4F7556}") = "Praktikumsaufgabe3", "Praktikumsaufgabe3\Praktikumsaufgabe3.csproj", "{2FFBDE0E-E98F-4052-9097-FA303FA932AD}"
EndProject
Project("{9A19103F-16F7-4668-BE54-9A1E7A4F7556}") = "Aufgabe_10.1", "Aufgabe_10.1\Aufgabe_10.1.csproj", "{2549C2A1-88CC-4E75-9E7E-2A278AB68B7B}"
EndProject
Project("{9A19103F-16F7-4668-BE54-9A1E7A4F7556}") = "Aufgabe_10.2", "Aufgabe_10.2\Aufgabe_10.2.csproj", "{C7F75CBA-2F6A-409A-B19C-06BB52C61C6A}"
EndProject
Project("{9A19103F-16F7-4668-BE54-9A1E7A4F7556}") = "Aufgabe_10.3", "Aufgabe_10.3\Aufgabe_10.3.csproj", "{5A67971F-8E8C-4C0D-9C8D-76334A4E0972}"
EndProject
Project("{FAE04EC0-301F-11D3-BF4B-00C04F79EFBC}") = "Praktukum", "Praktukum\Praktukum.csproj", "{E060F2FF-2339-41B7-B210-896C03FF94F3}"
EndProject
Project("{FAE04EC0-301F-11D3-BF4B-00C04F79EFBC}") = "MyVersion", "MyVersion\MyVersion.csproj", "{F06F91C9-BB60-4DB1-A25A-C1D887796E0E}"
EndProject
Project("{FAE04EC0-301F-11D3-BF4B-00C04F79EFBC}") = "Aufgabe_5.1", "Aufgabe_5.1\Aufgabe_5.1.csproj", "{F466F07E-9199-40C9-80C2-E0DDA7B994B5}"
EndProject
Global
	GlobalSection(SolutionConfigurationPlatforms) = preSolution
		Debug|Any CPU = Debug|Any CPU
		Release|Any CPU = Release|Any CPU
	EndGlobalSection
	GlobalSection(ProjectConfigurationPlatforms) = postSolution
		{F45F4783-7084-4BE5-AA7B-129B312C9423}.Debug|Any CPU.ActiveCfg = Debug|Any CPU
		{F45F4783-7084-4BE5-AA7B-129B312C9423}.Debug|Any CPU.Build.0 = Debug|Any CPU
		{F45F4783-7084-4BE5-AA7B-129B312C9423}.Release|Any CPU.ActiveCfg = Release|Any CPU
		{F45F4783-7084-4BE5-AA7B-129B312C9423}.Release|Any CPU.Build.0 = Release|Any CPU
		{6E1DCB33-DF3F-4A87-A1BD-2F1DD2D3F3F8}.Debug|Any CPU.ActiveCfg = Debug|Any CPU
		{6E1DCB33-DF3F-4A87-A1BD-2F1DD2D3F3F8}.Debug|Any CPU.Build.0 = Debug|Any CPU
		{6E1DCB33-DF3F-4A87-A1BD-2F1DD2D3F3F8}.Release|Any CPU.ActiveCfg = Release|Any CPU
		{6E1DCB33-DF3F-4A87-A1BD-2F1DD2D3F3F8}.Release|Any CPU.Build.0 = Release|Any CPU
		{1B185F40-63EB-4561-BA60-C6649D7AEBA8}.Debug|Any CPU.ActiveCfg = Debug|Any CPU
		{1B185F40-63EB-4561-BA60-C6649D7AEBA8}.Debug|Any CPU.Build.0 = Debug|Any CPU
		{1B185F40-63EB-4561-BA60-C6649D7AEBA8}.Release|Any CPU.ActiveCfg = Release|Any CPU
		{1B185F40-63EB-4561-BA60-C6649D7AEBA8}.Release|Any CPU.Build.0 = Release|Any CPU
		{92383167-BBDC-4949-9CCA-2E932CDA6992}.Debug|Any CPU.ActiveCfg = Debug|Any CPU
		{92383167-BBDC-4949-9CCA-2E932CDA6992}.Debug|Any CPU.Build.0 = Debug|Any CPU
		{92383167-BBDC-4949-9CCA-2E932CDA6992}.Release|Any CPU.ActiveCfg = Release|Any CPU
		{92383167-BBDC-4949-9CCA-2E932CDA6992}.Release|Any CPU.Build.0 = Release|Any CPU
		{37B1CF8F-D9E4-449A-B9EB-2438F4F8C203}.Debug|Any CPU.ActiveCfg = Debug|Any CPU
		{37B1CF8F-D9E4-449A-B9EB-2438F4F8C203}.Debug|Any CPU.Build.0 = Debug|Any CPU
		{37B1CF8F-D9E4-449A-B9EB-2438F4F8C203}.Release|Any CPU.ActiveCfg = Release|Any CPU
		{37B1CF8F-D9E4-449A-B9EB-2438F4F8C203}.Release|Any CPU.Build.0 = Release|Any CPU
		{C4E25A8B-800B-4D6F-90A6-A946A627A28A}.Debug|Any CPU.ActiveCfg = Debug|Any CPU
		{C4E25A8B-800B-4D6F-90A6-A946A627A28A}.Debug|Any CPU.Build.0 = Debug|Any CPU
		{C4E25A8B-800B-4D6F-90A6-A946A627A28A}.Release|Any CPU.ActiveCfg = Release|Any CPU
		{C4E25A8B-800B-4D6F-90A6-A946A627A28A}.Release|Any CPU.Build.0 = Release|Any CPU
		{7A3EC1C7-8165-4788-832E-ED2C547FB770}.Debug|Any CPU.ActiveCfg = Debug|Any CPU
		{7A3EC1C7-8165-4788-832E-ED2C547FB770}.Debug|Any CPU.Build.0 = Debug|Any CPU
		{7A3EC1C7-8165-4788-832E-ED2C547FB770}.Release|Any CPU.ActiveCfg = Release|Any CPU
		{7A3EC1C7-8165-4788-832E-ED2C547FB770}.Release|Any CPU.Build.0 = Release|Any CPU
		{62BCD223-2D3A-4AE1-B461-75B80534DA53}.Debug|Any CPU.ActiveCfg = Debug|Any CPU
		{62BCD223-2D3A-4AE1-B461-75B80534DA53}.Debug|Any CPU.Build.0 = Debug|Any CPU
		{62BCD223-2D3A-4AE1-B461-75B80534DA53}.Release|Any CPU.ActiveCfg = Release|Any CPU
		{62BCD223-2D3A-4AE1-B461-75B80534DA53}.Release|Any CPU.Build.0 = Release|Any CPU
		{83C5DF5F-CDDF-4D93-9575-3E53A0C10181}.Debug|Any CPU.ActiveCfg = Debug|Any CPU
		{83C5DF5F-CDDF-4D93-9575-3E53A0C10181}.Debug|Any CPU.Build.0 = Debug|Any CPU
		{83C5DF5F-CDDF-4D93-9575-3E53A0C10181}.Release|Any CPU.ActiveCfg = Release|Any CPU
		{83C5DF5F-CDDF-4D93-9575-3E53A0C10181}.Release|Any CPU.Build.0 = Release|Any CPU
		{A21A8304-A060-4E3E-8A40-D44022D15DAD}.Debug|Any CPU.ActiveCfg = Debug|Any CPU
		{A21A8304-A060-4E3E-8A40-D44022D15DAD}.Debug|Any CPU.Build.0 = Debug|Any CPU
		{A21A8304-A060-4E3E-8A40-D44022D15DAD}.Release|Any CPU.ActiveCfg = Release|Any CPU
		{A21A8304-A060-4E3E-8A40-D44022D15DAD}.Release|Any CPU.Build.0 = Release|Any CPU
		{06F642DE-3B34-4AD6-8125-B0765515CCB6}.Debug|Any CPU.ActiveCfg = Debug|Any CPU
		{06F642DE-3B34-4AD6-8125-B0765515CCB6}.Debug|Any CPU.Build.0 = Debug|Any CPU
		{06F642DE-3B34-4AD6-8125-B0765515CCB6}.Release|Any CPU.ActiveCfg = Release|Any CPU
		{06F642DE-3B34-4AD6-8125-B0765515CCB6}.Release|Any CPU.Build.0 = Release|Any CPU
		{AB7A2291-1496-46C2-BE24-B20B026AAC3E}.Debug|Any CPU.ActiveCfg = Debug|Any CPU
		{AB7A2291-1496-46C2-BE24-B20B026AAC3E}.Debug|Any CPU.Build.0 = Debug|Any CPU
		{AB7A2291-1496-46C2-BE24-B20B026AAC3E}.Release|Any CPU.ActiveCfg = Release|Any CPU
		{AB7A2291-1496-46C2-BE24-B20B026AAC3E}.Release|Any CPU.Build.0 = Release|Any CPU
		{72BFF579-7580-4650-8D72-2E872902B650}.Debug|Any CPU.ActiveCfg = Debug|Any CPU
		{72BFF579-7580-4650-8D72-2E872902B650}.Debug|Any CPU.Build.0 = Debug|Any CPU
		{72BFF579-7580-4650-8D72-2E872902B650}.Release|Any CPU.ActiveCfg = Release|Any CPU
		{72BFF579-7580-4650-8D72-2E872902B650}.Release|Any CPU.Build.0 = Release|Any CPU
		{44259692-E9A7-436A-9D7B-E28EEDD02203}.Debug|Any CPU.ActiveCfg = Debug|Any CPU
		{44259692-E9A7-436A-9D7B-E28EEDD02203}.Debug|Any CPU.Build.0 = Debug|Any CPU
		{44259692-E9A7-436A-9D7B-E28EEDD02203}.Release|Any CPU.ActiveCfg = Release|Any CPU
		{44259692-E9A7-436A-9D7B-E28EEDD02203}.Release|Any CPU.Build.0 = Release|Any CPU
		{A7513519-4766-4EE0-8306-57472AE46DEC}.Debug|Any CPU.ActiveCfg = Debug|Any CPU
		{A7513519-4766-4EE0-8306-57472AE46DEC}.Debug|Any CPU.Build.0 = Debug|Any CPU
		{A7513519-4766-4EE0-8306-57472AE46DEC}.Release|Any CPU.ActiveCfg = Release|Any CPU
		{A7513519-4766-4EE0-8306-57472AE46DEC}.Release|Any CPU.Build.0 = Release|Any CPU
		{7A5CB136-6553-464E-BC65-4747F7C40A57}.Debug|Any CPU.ActiveCfg = Debug|Any CPU
		{7A5CB136-6553-464E-BC65-4747F7C40A57}.Debug|Any CPU.Build.0 = Debug|Any CPU
		{7A5CB136-6553-464E-BC65-4747F7C40A57}.Release|Any CPU.ActiveCfg = Release|Any CPU
		{7A5CB136-6553-464E-BC65-4747F7C40A57}.Release|Any CPU.Build.0 = Release|Any CPU
		{6AA85E65-AFC9-4A91-982B-A8393D6C6A4B}.Debug|Any CPU.ActiveCfg = Debug|Any CPU
		{6AA85E65-AFC9-4A91-982B-A8393D6C6A4B}.Debug|Any CPU.Build.0 = Debug|Any CPU
		{6AA85E65-AFC9-4A91-982B-A8393D6C6A4B}.Release|Any CPU.ActiveCfg = Release|Any CPU
		{6AA85E65-AFC9-4A91-982B-A8393D6C6A4B}.Release|Any CPU.Build.0 = Release|Any CPU
		{382CBEAD-81E7-422B-868E-D7D1D842AED2}.Debug|Any CPU.ActiveCfg = Debug|Any CPU
		{382CBEAD-81E7-422B-868E-D7D1D842AED2}.Debug|Any CPU.Build.0 = Debug|Any CPU
		{382CBEAD-81E7-422B-868E-D7D1D842AED2}.Release|Any CPU.ActiveCfg = Release|Any CPU
		{382CBEAD-81E7-422B-868E-D7D1D842AED2}.Release|Any CPU.Build.0 = Release|Any CPU
		{249C627F-D436-4E39-9178-7166AA70150A}.Debug|Any CPU.ActiveCfg = Debug|Any CPU
		{249C627F-D436-4E39-9178-7166AA70150A}.Debug|Any CPU.Build.0 = Debug|Any CPU
		{249C627F-D436-4E39-9178-7166AA70150A}.Release|Any CPU.ActiveCfg = Release|Any CPU
		{249C627F-D436-4E39-9178-7166AA70150A}.Release|Any CPU.Build.0 = Release|Any CPU
		{529B04EC-E03B-4FC8-ABB6-0BE67C3653E6}.Debug|Any CPU.ActiveCfg = Debug|Any CPU
		{529B04EC-E03B-4FC8-ABB6-0BE67C3653E6}.Debug|Any CPU.Build.0 = Debug|Any CPU
		{529B04EC-E03B-4FC8-ABB6-0BE67C3653E6}.Release|Any CPU.ActiveCfg = Release|Any CPU
		{529B04EC-E03B-4FC8-ABB6-0BE67C3653E6}.Release|Any CPU.Build.0 = Release|Any CPU
		{0AE3580A-4053-4C26-BA5C-24774B796BC6}.Debug|Any CPU.ActiveCfg = Debug|Any CPU
		{0AE3580A-4053-4C26-BA5C-24774B796BC6}.Debug|Any CPU.Build.0 = Debug|Any CPU
		{0AE3580A-4053-4C26-BA5C-24774B796BC6}.Release|Any CPU.ActiveCfg = Release|Any CPU
		{0AE3580A-4053-4C26-BA5C-24774B796BC6}.Release|Any CPU.Build.0 = Release|Any CPU
		{EEED23D9-73D0-4FC6-9567-4AF71AEBEED7}.Debug|Any CPU.ActiveCfg = Debug|Any CPU
		{EEED23D9-73D0-4FC6-9567-4AF71AEBEED7}.Debug|Any CPU.Build.0 = Debug|Any CPU
		{EEED23D9-73D0-4FC6-9567-4AF71AEBEED7}.Release|Any CPU.ActiveCfg = Release|Any CPU
		{EEED23D9-73D0-4FC6-9567-4AF71AEBEED7}.Release|Any CPU.Build.0 = Release|Any CPU
		{8A62B614-6A6C-4A68-9460-DBA780D465C4}.Debug|Any CPU.ActiveCfg = Debug|Any CPU
		{8A62B614-6A6C-4A68-9460-DBA780D465C4}.Debug|Any CPU.Build.0 = Debug|Any CPU
		{8A62B614-6A6C-4A68-9460-DBA780D465C4}.Release|Any CPU.ActiveCfg = Release|Any CPU
		{8A62B614-6A6C-4A68-9460-DBA780D465C4}.Release|Any CPU.Build.0 = Release|Any CPU
		{2FFBDE0E-E98F-4052-9097-FA303FA932AD}.Debug|Any CPU.ActiveCfg = Debug|Any CPU
		{2FFBDE0E-E98F-4052-9097-FA303FA932AD}.Debug|Any CPU.Build.0 = Debug|Any CPU
		{2FFBDE0E-E98F-4052-9097-FA303FA932AD}.Release|Any CPU.ActiveCfg = Release|Any CPU
		{2FFBDE0E-E98F-4052-9097-FA303FA932AD}.Release|Any CPU.Build.0 = Release|Any CPU
		{2549C2A1-88CC-4E75-9E7E-2A278AB68B7B}.Debug|Any CPU.ActiveCfg = Debug|Any CPU
		{2549C2A1-88CC-4E75-9E7E-2A278AB68B7B}.Debug|Any CPU.Build.0 = Debug|Any CPU
		{2549C2A1-88CC-4E75-9E7E-2A278AB68B7B}.Release|Any CPU.ActiveCfg = Release|Any CPU
		{2549C2A1-88CC-4E75-9E7E-2A278AB68B7B}.Release|Any CPU.Build.0 = Release|Any CPU
		{C7F75CBA-2F6A-409A-B19C-06BB52C61C6A}.Debug|Any CPU.ActiveCfg = Debug|Any CPU
		{C7F75CBA-2F6A-409A-B19C-06BB52C61C6A}.Debug|Any CPU.Build.0 = Debug|Any CPU
		{C7F75CBA-2F6A-409A-B19C-06BB52C61C6A}.Release|Any CPU.ActiveCfg = Release|Any CPU
		{C7F75CBA-2F6A-409A-B19C-06BB52C61C6A}.Release|Any CPU.Build.0 = Release|Any CPU
		{5A67971F-8E8C-4C0D-9C8D-76334A4E0972}.Debug|Any CPU.ActiveCfg = Debug|Any CPU
		{5A67971F-8E8C-4C0D-9C8D-76334A4E0972}.Debug|Any CPU.Build.0 = Debug|Any CPU
		{5A67971F-8E8C-4C0D-9C8D-76334A4E0972}.Release|Any CPU.ActiveCfg = Release|Any CPU
		{5A67971F-8E8C-4C0D-9C8D-76334A4E0972}.Release|Any CPU.Build.0 = Release|Any CPU
		{E060F2FF-2339-41B7-B210-896C03FF94F3}.Debug|Any CPU.ActiveCfg = Debug|Any CPU
		{E060F2FF-2339-41B7-B210-896C03FF94F3}.Debug|Any CPU.Build.0 = Debug|Any CPU
		{E060F2FF-2339-41B7-B210-896C03FF94F3}.Release|Any CPU.ActiveCfg = Release|Any CPU
		{E060F2FF-2339-41B7-B210-896C03FF94F3}.Release|Any CPU.Build.0 = Release|Any CPU
		{F06F91C9-BB60-4DB1-A25A-C1D887796E0E}.Debug|Any CPU.ActiveCfg = Debug|Any CPU
		{F06F91C9-BB60-4DB1-A25A-C1D887796E0E}.Debug|Any CPU.Build.0 = Debug|Any CPU
		{F06F91C9-BB60-4DB1-A25A-C1D887796E0E}.Release|Any CPU.ActiveCfg = Release|Any CPU
		{F06F91C9-BB60-4DB1-A25A-C1D887796E0E}.Release|Any CPU.Build.0 = Release|Any CPU
		{F466F07E-9199-40C9-80C2-E0DDA7B994B5}.Debug|Any CPU.ActiveCfg = Debug|Any CPU
		{F466F07E-9199-40C9-80C2-E0DDA7B994B5}.Debug|Any CPU.Build.0 = Debug|Any CPU
		{F466F07E-9199-40C9-80C2-E0DDA7B994B5}.Release|Any CPU.ActiveCfg = Release|Any CPU
		{F466F07E-9199-40C9-80C2-E0DDA7B994B5}.Release|Any CPU.Build.0 = Release|Any CPU
	EndGlobalSection
	GlobalSection(SolutionProperties) = preSolution
		HideSolutionNode = FALSE
	EndGlobalSection
	GlobalSection(ExtensibilityGlobals) = postSolution
		SolutionGuid = {B2A7A440-388E-4F3A-AA4F-8376ABEBA782}
	EndGlobalSection
EndGlobal
